
Microsoft Visual Studio Solution File, Format Version 12.00
# Visual Studio 15
VisualStudioVersion = 15.0.28307.902
MinimumVisualStudioVersion = 10.0.40219.1
Project("{8BC9CEB8-8B4A-11D0-8D11-00A0C91BC942}") = "space_adventure", "space_adventure.vcxproj", "{9F194C97-5109-311F-A9B7-E5CE036BC42A}"
EndProject
Global
	GlobalSection(SolutionConfigurationPlatforms) = preSolution
		Debug|x64 = Debug|x64
		Release|x64 = Release|x64
	EndGlobalSection
	GlobalSection(ProjectConfigurationPlatforms) = postSolution
		{9F194C97-5109-311F-A9B7-E5CE036BC42A}.Debug|x64.ActiveCfg = Debug|x64
		{9F194C97-5109-311F-A9B7-E5CE036BC42A}.Debug|x64.Build.0 = Debug|x64
		{9F194C97-5109-311F-A9B7-E5CE036BC42A}.Release|x64.ActiveCfg = Release|x64
		{9F194C97-5109-311F-A9B7-E5CE036BC42A}.Release|x64.Build.0 = Release|x64
	EndGlobalSection
	GlobalSection(SolutionProperties) = preSolution
		HideSolutionNode = FALSE
	EndGlobalSection
	GlobalSection(ExtensibilityGlobals) = postSolution
		Qt5Version = msvc2017_64
		SolutionGuid = {03FEE181-AD59-41C7-9A68-EB55C4D941D1}
	EndGlobalSection
EndGlobal
